{
    "_readme": [
        "This file locks the dependencies of your project to a known state",
        "Read more about it at https://getcomposer.org/doc/01-basic-usage.md#installing-dependencies",
        "This file is @generated automatically"
    ],
    "content-hash": "10b28516f81d5eda89055c27ffb0b913",
    "packages": [
        {
            "name": "thingengineer/mysqli-database-class",
            "version": "dev-master",
            "source": {
                "type": "git",
                "url": "https://github.com/ThingEngineer/PHP-MySQLi-Database-Class.git",
                "reference": "5159467ae081adbe96586e45e65a58c0fe7a32ce"
            },
            "dist": {
                "type": "zip",
                "url": "https://api.github.com/repos/ThingEngineer/PHP-MySQLi-Database-Class/zipball/5159467ae081adbe96586e45e65a58c0fe7a32ce",
                "reference": "5159467ae081adbe96586e45e65a58c0fe7a32ce",
                "shasum": ""
            },
            "require": {
                "php": ">=5.3.0"
            },
            "default-branch": true,
            "type": "library",
            "autoload": {
                "files": [
                    "MysqliDb.php",
                    "dbObject.php"
                ]
            },
            "notification-url": "https://packagist.org/downloads/",
            "license": [
                "GPL-3.0-or-later"
            ],
            "authors": [
                {
                    "name": "Josh Campbell",
                    "email": "josh.lee.campbell@gmail.com",
                    "homepage": "https://github.com/thingengineer",
                    "role": "Developer"
                },
                {
                    "name": "Alexander V. Butenko",
                    "email": "a.butenka@gmail.com",
                    "homepage": "http://smarttechdo.com",
                    "role": "Developer"
                }
            ],
            "description": "PHP MySQL Wrapper and object mapper which utilizes MySQLi and prepared statements",
            "support": {
                "issues": "https://github.com/ThingEngineer/PHP-MySQLi-Database-Class/issues",
                "source": "https://github.com/ThingEngineer/PHP-MySQLi-Database-Class/tree/master"
            },
            "time": "2022-09-13T15:42:11+00:00"
        }
    ],
    "packages-dev": [],
    "aliases": [],
    "minimum-stability": "stable",
    "stability-flags": {
        "thingengineer/mysqli-database-class": 20
    },
    "prefer-stable": false,
    "prefer-lowest": false,
    "platform": [],
    "platform-dev": [],
    "plugin-api-version": "2.3.0"
}
